github.com/davecgh/go-spew v1.1.1 h1:vj9j/u1bqnvCEfJOwUhtlOARqs3+rkHYY13jYWTU97c=
github.com/davecgh/go-spew v1.1.1/go.mod h1:J7Y8YcW2NihsgmVo/mv3lAwl/skON4iLHjSsI+c5H38=
github.com/pmezard/go-difflib v1.0.0 h1:4DBwDE0NGyQoBHbLQYPwSUPoCMWR5BEzIk/f1lZbAQM=
github.com/pmezard/go-difflib v1.0.0/go.mod h1:iKH77koFhYxTK1pcRnkKkqfTogsbg7gZNVY4sRDYZ/4=
github.com/robfig/cron/v3 v3.0.1 h1:WdRxkvbJztn8LMz/QEvLN5sBU+xKpSqwwUO1Pjr4qDs=
github.com/robfig/cron/v3 v3.0.1/go.mod h1:eQICP3HwyT7UooqI/z+Ov+PtYAWygg1TEWWzGIFLtro=
github.com/stretchr/testify v1.9.0 h1:HtqpIVDClZ4nwg75+f6Lvsy/wHu+3BoSGCbBAcpTsTg=
github.com/stretchr/testify v1.9.0/go.mod h1:r2ic/lqez/lEtzL7wO/rwa5dbSLXVDPFyf8C91i36aY=
github.com/untillpro/airs-bp3 v1.202111031426.2-0.20240815085007-fcacd19afce0 h1:ipDQgYyrM1beLrscM41AoSfDPG6M0N7VOtuiBWtbhu4=
github.com/untillpro/airs-bp3 v1.202111031426.2-0.20240815085007-fcacd19afce0/go.mod h1:W3s+Rz88F9QLyfnwHVSWWEJ/7ZSpAiRxZI6s6LEtxKQ=
github.com/voedger/voedger v0.0.0-20240815091037-1983f7300225 h1:Z1nSf8CvjvcMzzZ346M2aLKjIFfvs1yD5PDdIo1aGiQ=
github.com/voedger/voedger v0.0.0-20240815091037-1983f7300225/go.mod h1:Cf0BKHbD18txG/5P0RJczuaZT4U3q0l9YsoXF/HelYQ=
gopkg.in/yaml.v3 v3.0.1 h1:fxVm/GzAzEWqLHuvctI91KS9hhNmmWOoWu0XTYJS7CA=
gopkg.in/yaml.v3 v3.0.1/go.mod h1:K4uyk7z7BCEPqu6E+C64Yfv1cQ7kz7rIZviUmN+EgEM=
