github.com/heeus/extensions-tinygo v0.0.0-20230120093838-8ed952821bab h1:zCrBZUAN2sH9wMH7UzE2L1WzAn4RCv+Yk47hc9TGjMU=
github.com/heeus/extensions-tinygo v0.0.0-20230120093838-8ed952821bab/go.mod h1:/oeIuBQ9wdp5VgN7Uj8nNUSZGp22AEBsMSL/w532rPs=
github.com/heeus/extensions-tinygo v0.0.0-20230125183432-2d73f814bc8e h1:qDA+HS3vIJpU7q+TBg10aLVN80OZpvDYUTVAMvswefc=
github.com/heeus/extensions-tinygo v0.0.0-20230125183432-2d73f814bc8e/go.mod h1:/oeIuBQ9wdp5VgN7Uj8nNUSZGp22AEBsMSL/w532rPs=
github.com/heeus/extensions-tinygo v0.0.0-20230126161455-ccfcc09016f7 h1:iUcocInIxLtc1d+LG9c6l/yVArVUrDMiazmrMjGNX0g=
github.com/heeus/extensions-tinygo v0.0.0-20230126161455-ccfcc09016f7/go.mod h1:/oeIuBQ9wdp5VgN7Uj8nNUSZGp22AEBsMSL/w532rPs=
github.com/heeus/extensions-tinygo v0.0.0-20230211160538-d530c0390374 h1:eiqwdxRpFhuRDgR8yiAKQeCL/bXxVnQ410oqyCQZ2PA=
github.com/heeus/extensions-tinygo v0.0.0-20230211160538-d530c0390374/go.mod h1:/oeIuBQ9wdp5VgN7Uj8nNUSZGp22AEBsMSL/w532rPs=
github.com/heeus/extensions-tinygo v0.0.0-20230216180450-aa4028b80eed h1:dV8sVHMC8iijQgFONIA7igRuKyLr0vbLTDVFwAbVFeI=
github.com/heeus/extensions-tinygo v0.0.0-20230216180450-aa4028b80eed/go.mod h1:/oeIuBQ9wdp5VgN7Uj8nNUSZGp22AEBsMSL/w532rPs=
