github.com/heeus/extensions-tinygo v0.0.0-20230115201942-06b18bd007a4 h1:0b1/657NyHh1a/V//+sd4vcxcYPO70S5a0b7UiUNFCw=
github.com/heeus/extensions-tinygo v0.0.0-20230115201942-06b18bd007a4/go.mod h1:/oeIuBQ9wdp5VgN7Uj8nNUSZGp22AEBsMSL/w532rPs=
github.com/heeus/extensions-tinygo v0.0.0-20230120093838-8ed952821bab h1:zCrBZUAN2sH9wMH7UzE2L1WzAn4RCv+Yk47hc9TGjMU=
github.com/heeus/extensions-tinygo v0.0.0-20230120093838-8ed952821bab/go.mod h1:/oeIuBQ9wdp5VgN7Uj8nNUSZGp22AEBsMSL/w532rPs=
github.com/heeus/extensions-tinygo v0.0.0-20230125183432-2d73f814bc8e h1:qDA+HS3vIJpU7q+TBg10aLVN80OZpvDYUTVAMvswefc=
github.com/heeus/extensions-tinygo v0.0.0-20230125183432-2d73f814bc8e/go.mod h1:/oeIuBQ9wdp5VgN7Uj8nNUSZGp22AEBsMSL/w532rPs=
github.com/heeus/extensions-tinygo v0.0.0-20230126161455-ccfcc09016f7 h1:iUcocInIxLtc1d+LG9c6l/yVArVUrDMiazmrMjGNX0g=
github.com/heeus/extensions-tinygo v0.0.0-20230126161455-ccfcc09016f7/go.mod h1:/oeIuBQ9wdp5VgN7Uj8nNUSZGp22AEBsMSL/w532rPs=
github.com/heeus/extensions-tinygo v0.0.0-20230211160538-d530c0390374 h1:eiqwdxRpFhuRDgR8yiAKQeCL/bXxVnQ410oqyCQZ2PA=
github.com/heeus/extensions-tinygo v0.0.0-20230211160538-d530c0390374/go.mod h1:/oeIuBQ9wdp5VgN7Uj8nNUSZGp22AEBsMSL/w532rPs=
github.com/heeus/extensions-tinygo v0.0.0-20230216180450-aa4028b80eed h1:dV8sVHMC8iijQgFONIA7igRuKyLr0vbLTDVFwAbVFeI=
github.com/heeus/extensions-tinygo v0.0.0-20230216180450-aa4028b80eed/go.mod h1:/oeIuBQ9wdp5VgN7Uj8nNUSZGp22AEBsMSL/w532rPs=
github.com/heeus/extensions-tinygo v0.0.0-20230305174307-b28da6fcb538 h1:AeEI8XrBgf+/Q0Nsb9KDjOK/SB5JjGNEzZTRF8AHW/4=
github.com/heeus/extensions-tinygo v0.0.0-20230305174307-b28da6fcb538/go.mod h1:/oeIuBQ9wdp5VgN7Uj8nNUSZGp22AEBsMSL/w532rPs=
github.com/heeus/extensions-tinygo v0.0.0-20230305183512-6c511918f0d9 h1:7XVFCjuydgHCKt6H0k9CGlEl+zD9V8j8+8K6AdB+qXQ=
github.com/heeus/extensions-tinygo v0.0.0-20230305183512-6c511918f0d9/go.mod h1:/oeIuBQ9wdp5VgN7Uj8nNUSZGp22AEBsMSL/w532rPs=
